
Microsoft Visual Studio Solution File, Format Version 12.00
# Visual Studio Version 16
VisualStudioVersion = 16.0.31729.503
MinimumVisualStudioVersion = 10.0.40219.1
Project("{FAE04EC0-301F-11D3-BF4B-00C04F79EFBC}") = "WebProject", "WebProject.csproj", "{612E9F76-9ED3-4FDA-90C0-FA3B8373960B}"
EndProject
Global
	GlobalSection(SolutionConfigurationPlatforms) = preSolution
		Debug|Any CPU = Debug|Any CPU
		Release|Any CPU = Release|Any CPU
	EndGlobalSection
	GlobalSection(ProjectConfigurationPlatforms) = postSolution
		{612E9F76-9ED3-4FDA-90C0-FA3B8373960B}.Debug|Any CPU.ActiveCfg = Debug|Any CPU
		{612E9F76-9ED3-4FDA-90C0-FA3B8373960B}.Debug|Any CPU.Build.0 = Debug|Any CPU
		{612E9F76-9ED3-4FDA-90C0-FA3B8373960B}.Release|Any CPU.ActiveCfg = Release|Any CPU
		{612E9F76-9ED3-4FDA-90C0-FA3B8373960B}.Release|Any CPU.Build.0 = Release|Any CPU
	EndGlobalSection
	GlobalSection(SolutionProperties) = preSolution
		HideSolutionNode = FALSE
	EndGlobalSection
	GlobalSection(ExtensibilityGlobals) = postSolution
		SolutionGuid = {A2433E6E-7643-4A10-B2FA-11B79788A758}
	EndGlobalSection
EndGlobal
